Microsoft Visual Studio Solution File, Format Version 12.00
# Visual Studio Version 16
VisualStudioVersion = 16.0.30907.101
MinimumVisualStudioVersion = 10.0.40219.1
Project("{FAE04EC0-301F-11D3-BF4B-00C04F79EFBC}") = "MultilingualXFSample.Android", "MultilingualXFSample.Android\MultilingualXFSample.Android.csproj", "{49A976BE-33FE-43B7-AAC1-561C172A3887}"
EndProject
Project("{FAE04EC0-301F-11D3-BF4B-00C04F79EFBC}") = "MultilingualXFSample.iOS", "MultilingualXFSample.iOS\MultilingualXFSample.iOS.csproj", "{08BE008D-B9BB-4120-A8EA-32DA0F670CC2}"
EndProject
Project("{9A19103F-16F7-4668-BE54-9A1E7A4F7556}") = "MultilingualXFSample", "MultilingualXFSample\MultilingualXFSample.csproj", "{48D8384D-00FC-429A-B9FE-CE220CDECB20}"
EndProject
Global
	GlobalSection(SolutionConfigurationPlatforms) = preSolution
		Debug|Any CPU = Debug|Any CPU
		Debug|iPhone = Debug|iPhone
		Debug|iPhoneSimulator = Debug|iPhoneSimulator
		Release|Any CPU = Release|Any CPU
		Release|iPhone = Release|iPhone
		Release|iPhoneSimulator = Release|iPhoneSimulator
	EndGlobalSection
	GlobalSection(ProjectConfigurationPlatforms) = postSolution
		{49A976BE-33FE-43B7-AAC1-561C172A3887}.Debug|Any CPU.ActiveCfg = Debug|Any CPU
		{49A976BE-33FE-43B7-AAC1-561C172A3887}.Debug|Any CPU.Build.0 = Debug|Any CPU
		{49A976BE-33FE-43B7-AAC1-561C172A3887}.Debug|Any CPU.Deploy.0 = Debug|Any CPU
		{49A976BE-33FE-43B7-AAC1-561C172A3887}.Debug|iPhone.ActiveCfg = Debug|Any CPU
		{49A976BE-33FE-43B7-AAC1-561C172A3887}.Debug|iPhone.Build.0 = Debug|Any CPU
		{49A976BE-33FE-43B7-AAC1-561C172A3887}.Debug|iPhoneSimulator.ActiveCfg = Debug|Any CPU
		{49A976BE-33FE-43B7-AAC1-561C172A3887}.Debug|iPhoneSimulator.Build.0 = Debug|Any CPU
		{49A976BE-33FE-43B7-AAC1-561C172A3887}.Release|Any CPU.ActiveCfg = Release|Any CPU
		{49A976BE-33FE-43B7-AAC1-561C172A3887}.Release|Any CPU.Build.0 = Release|Any CPU
		{49A976BE-33FE-43B7-AAC1-561C172A3887}.Release|iPhone.ActiveCfg = Release|Any CPU
		{49A976BE-33FE-43B7-AAC1-561C172A3887}.Release|iPhone.Build.0 = Release|Any CPU
		{49A976BE-33FE-43B7-AAC1-561C172A3887}.Release|iPhoneSimulator.ActiveCfg = Release|Any CPU
		{49A976BE-33FE-43B7-AAC1-561C172A3887}.Release|iPhoneSimulator.Build.0 = Release|Any CPU
		{08BE008D-B9BB-4120-A8EA-32DA0F670CC2}.Debug|Any CPU.ActiveCfg = Debug|iPhoneSimulator
		{08BE008D-B9BB-4120-A8EA-32DA0F670CC2}.Debug|Any CPU.Build.0 = Debug|iPhoneSimulator
		{08BE008D-B9BB-4120-A8EA-32DA0F670CC2}.Debug|iPhone.ActiveCfg = Debug|iPhone
		{08BE008D-B9BB-4120-A8EA-32DA0F670CC2}.Debug|iPhone.Build.0 = Debug|iPhone
		{08BE008D-B9BB-4120-A8EA-32DA0F670CC2}.Debug|iPhoneSimulator.ActiveCfg = Debug|iPhoneSimulator
		{08BE008D-B9BB-4120-A8EA-32DA0F670CC2}.Debug|iPhoneSimulator.Build.0 = Debug|iPhoneSimulator
		{08BE008D-B9BB-4120-A8EA-32DA0F670CC2}.Release|Any CPU.ActiveCfg = Release|iPhoneSimulator
		{08BE008D-B9BB-4120-A8EA-32DA0F670CC2}.Release|Any CPU.Build.0 = Release|iPhoneSimulator
		{08BE008D-B9BB-4120-A8EA-32DA0F670CC2}.Release|iPhone.ActiveCfg = Release|iPhone
		{08BE008D-B9BB-4120-A8EA-32DA0F670CC2}.Release|iPhone.Build.0 = Release|iPhone
		{08BE008D-B9BB-4120-A8EA-32DA0F670CC2}.Release|iPhoneSimulator.ActiveCfg = Release|iPhoneSimulator
		{08BE008D-B9BB-4120-A8EA-32DA0F670CC2}.Release|iPhoneSimulator.Build.0 = Release|iPhoneSimulator
		{48D8384D-00FC-429A-B9FE-CE220CDECB20}.Debug|Any CPU.ActiveCfg = Debug|Any CPU
		{48D8384D-00FC-429A-B9FE-CE220CDECB20}.Debug|Any CPU.Build.0 = Debug|Any CPU
		{48D8384D-00FC-429A-B9FE-CE220CDECB20}.Debug|iPhone.ActiveCfg = Debug|Any CPU
		{48D8384D-00FC-429A-B9FE-CE220CDECB20}.Debug|iPhone.Build.0 = Debug|Any CPU
		{48D8384D-00FC-429A-B9FE-CE220CDECB20}.Debug|iPhoneSimulator.ActiveCfg = Debug|Any CPU
		{48D8384D-00FC-429A-B9FE-CE220CDECB20}.Debug|iPhoneSimulator.Build.0 = Debug|Any CPU
		{48D8384D-00FC-429A-B9FE-CE220CDECB20}.Release|Any CPU.ActiveCfg = Release|Any CPU
		{48D8384D-00FC-429A-B9FE-CE220CDECB20}.Release|Any CPU.Build.0 = Release|Any CPU
		{48D8384D-00FC-429A-B9FE-CE220CDECB20}.Release|iPhone.ActiveCfg = Release|Any CPU
		{48D8384D-00FC-429A-B9FE-CE220CDECB20}.Release|iPhone.Build.0 = Release|Any CPU
		{48D8384D-00FC-429A-B9FE-CE220CDECB20}.Release|iPhoneSimulator.ActiveCfg = Release|Any CPU
		{48D8384D-00FC-429A-B9FE-CE220CDECB20}.Release|iPhoneSimulator.Build.0 = Release|Any CPU
	EndGlobalSection
	GlobalSection(SolutionProperties) = preSolution
		HideSolutionNode = FALSE
	EndGlobalSection
	GlobalSection(ExtensibilityGlobals) = postSolution
		SolutionGuid = {74C4D0E1-076B-4149-8272-9BFB1632EAA2}
	EndGlobalSection
EndGlobal
